
Microsoft Visual Studio Solution File, Format Version 12.00
# Visual Studio Version 16
VisualStudioVersion = 16.0.31410.357
MinimumVisualStudioVersion = 10.0.40219.1
Project("{FAE04EC0-301F-11D3-BF4B-00C04F79EFBC}") = "basicosNET", "basicosNET\basicosNET.csproj", "{C487E7FB-288C-4034-B275-B29E6FC9EBB4}"
EndProject
Global
	GlobalSection(SolutionConfigurationPlatforms) = preSolution
		Debug|Any CPU = Debug|Any CPU
		Release|Any CPU = Release|Any CPU
	EndGlobalSection
	GlobalSection(ProjectConfigurationPlatforms) = postSolution
		{C487E7FB-288C-4034-B275-B29E6FC9EBB4}.Debug|Any CPU.ActiveCfg = Debug|Any CPU
		{C487E7FB-288C-4034-B275-B29E6FC9EBB4}.Debug|Any CPU.Build.0 = Debug|Any CPU
		{C487E7FB-288C-4034-B275-B29E6FC9EBB4}.Release|Any CPU.ActiveCfg = Release|Any CPU
		{C487E7FB-288C-4034-B275-B29E6FC9EBB4}.Release|Any CPU.Build.0 = Release|Any CPU
	EndGlobalSection
	GlobalSection(SolutionProperties) = preSolution
		HideSolutionNode = FALSE
	EndGlobalSection
	GlobalSection(ExtensibilityGlobals) = postSolution
		SolutionGuid = {A04FA6AA-5CD5-4290-83E0-1F030FC63122}
	EndGlobalSection
EndGlobal
